
Microsoft Visual Studio Solution File, Format Version 12.00
# Visual Studio Version 17
VisualStudioVersion = 17.13.35825.156
MinimumVisualStudioVersion = 10.0.40219.1
Project("{8BC9CEB8-8B4A-11D0-8D11-00A0C91BC942}") = "01_intro_oop", "01_intro_oop\01_intro_oop.vcxproj", "{8F68564B-A500-4A19-AAD3-9E873DD2C4C3}"
EndProject
Project("{8BC9CEB8-8B4A-11D0-8D11-00A0C91BC942}") = "02_ctor_dtor", "02_ctor_dtor\02_ctor_dtor.vcxproj", "{41D345CF-0643-46DC-9B2E-4FD6228068A2}"
EndProject
Project("{8BC9CEB8-8B4A-11D0-8D11-00A0C91BC942}") = "03_copy ctor", "03_copy ctor\03_copy ctor.vcxproj", "{293B2A9D-C5B5-4DCF-A7F1-151AAD1EA404}"
EndProject
Project("{8BC9CEB8-8B4A-11D0-8D11-00A0C91BC942}") = "04_composition", "04_composition\04_composition.vcxproj", "{F133D2C2-9B0C-4F00-9743-A4B03085822E}"
EndProject
Project("{8BC9CEB8-8B4A-11D0-8D11-00A0C91BC942}") = "04_aggregation", "04_aggregation\04_aggregation.vcxproj", "{8C3749D3-9A96-4EE7-BE25-5A49B8EB3B47}"
EndProject
Project("{8BC9CEB8-8B4A-11D0-8D11-00A0C91BC942}") = "04_static methods & static fields", "04_static methods & static fields\04_static methods & static fields.vcxproj", "{11EDA6D6-4086-46B5-8245-436000921F27}"
EndProject
Project("{8BC9CEB8-8B4A-11D0-8D11-00A0C91BC942}") = "04_String_static", "04_String_static\04_String_static.vcxproj", "{2801EF6D-36DC-48E7-AAC2-EA3A1AEA7146}"
EndProject
Project("{8BC9CEB8-8B4A-11D0-8D11-00A0C91BC942}") = "05_Overload operators", "05_Overload operators\05_Overload operators.vcxproj", "{E5767281-26E5-402F-B173-5CA966A991FF}"
EndProject
Project("{8BC9CEB8-8B4A-11D0-8D11-00A0C91BC942}") = "06_overload operators continue", "06_overload operators continue\06_overload operators continue.vcxproj", "{BA7D2A9F-0053-4179-8014-0DD1B72BEE99}"
EndProject
Project("{8BC9CEB8-8B4A-11D0-8D11-00A0C91BC942}") = "07_friends methods_class_function", "07_friends methods_class_function\07_friends methods_class_function.vcxproj", "{D1FD39D8-AB87-466B-A640-C4FF73A1A6C8}"
EndProject
Project("{8BC9CEB8-8B4A-11D0-8D11-00A0C91BC942}") = "08_template class", "08_template class\08_template class.vcxproj", "{2736FBCE-15C7-4FDB-AE98-74DAA4CAD600}"
EndProject
Project("{8BC9CEB8-8B4A-11D0-8D11-00A0C91BC942}") = "09_dynamict data struct_ STACK", "09_dynamict data struct_ STACK\09_dynamict data struct_ STACK.vcxproj", "{88570867-A212-46A9-90E1-7A6ACF77AB5B}"
EndProject
Global
	GlobalSection(SolutionConfigurationPlatforms) = preSolution
		Debug|x64 = Debug|x64
		Debug|x86 = Debug|x86
		Release|x64 = Release|x64
		Release|x86 = Release|x86
	EndGlobalSection
	GlobalSection(ProjectConfigurationPlatforms) = postSolution
		{8F68564B-A500-4A19-AAD3-9E873DD2C4C3}.Debug|x64.ActiveCfg = Debug|x64
		{8F68564B-A500-4A19-AAD3-9E873DD2C4C3}.Debug|x64.Build.0 = Debug|x64
		{8F68564B-A500-4A19-AAD3-9E873DD2C4C3}.Debug|x86.ActiveCfg = Debug|Win32
		{8F68564B-A500-4A19-AAD3-9E873DD2C4C3}.Debug|x86.Build.0 = Debug|Win32
		{8F68564B-A500-4A19-AAD3-9E873DD2C4C3}.Release|x64.ActiveCfg = Release|x64
		{8F68564B-A500-4A19-AAD3-9E873DD2C4C3}.Release|x64.Build.0 = Release|x64
		{8F68564B-A500-4A19-AAD3-9E873DD2C4C3}.Release|x86.ActiveCfg = Release|Win32
		{8F68564B-A500-4A19-AAD3-9E873DD2C4C3}.Release|x86.Build.0 = Release|Win32
		{41D345CF-0643-46DC-9B2E-4FD6228068A2}.Debug|x64.ActiveCfg = Debug|x64
		{41D345CF-0643-46DC-9B2E-4FD6228068A2}.Debug|x64.Build.0 = Debug|x64
		{41D345CF-0643-46DC-9B2E-4FD6228068A2}.Debug|x86.ActiveCfg = Debug|Win32
		{41D345CF-0643-46DC-9B2E-4FD6228068A2}.Debug|x86.Build.0 = Debug|Win32
		{41D345CF-0643-46DC-9B2E-4FD6228068A2}.Release|x64.ActiveCfg = Release|x64
		{41D345CF-0643-46DC-9B2E-4FD6228068A2}.Release|x64.Build.0 = Release|x64
		{41D345CF-0643-46DC-9B2E-4FD6228068A2}.Release|x86.ActiveCfg = Release|Win32
		{41D345CF-0643-46DC-9B2E-4FD6228068A2}.Release|x86.Build.0 = Release|Win32
		{293B2A9D-C5B5-4DCF-A7F1-151AAD1EA404}.Debug|x64.ActiveCfg = Debug|x64
		{293B2A9D-C5B5-4DCF-A7F1-151AAD1EA404}.Debug|x64.Build.0 = Debug|x64
		{293B2A9D-C5B5-4DCF-A7F1-151AAD1EA404}.Debug|x86.ActiveCfg = Debug|Win32
		{293B2A9D-C5B5-4DCF-A7F1-151AAD1EA404}.Debug|x86.Build.0 = Debug|Win32
		{293B2A9D-C5B5-4DCF-A7F1-151AAD1EA404}.Release|x64.ActiveCfg = Release|x64
		{293B2A9D-C5B5-4DCF-A7F1-151AAD1EA404}.Release|x64.Build.0 = Release|x64
		{293B2A9D-C5B5-4DCF-A7F1-151AAD1EA404}.Release|x86.ActiveCfg = Release|Win32
		{293B2A9D-C5B5-4DCF-A7F1-151AAD1EA404}.Release|x86.Build.0 = Release|Win32
		{F133D2C2-9B0C-4F00-9743-A4B03085822E}.Debug|x64.ActiveCfg = Debug|x64
		{F133D2C2-9B0C-4F00-9743-A4B03085822E}.Debug|x64.Build.0 = Debug|x64
		{F133D2C2-9B0C-4F00-9743-A4B03085822E}.Debug|x86.ActiveCfg = Debug|Win32
		{F133D2C2-9B0C-4F00-9743-A4B03085822E}.Debug|x86.Build.0 = Debug|Win32
		{F133D2C2-9B0C-4F00-9743-A4B03085822E}.Release|x64.ActiveCfg = Release|x64
		{F133D2C2-9B0C-4F00-9743-A4B03085822E}.Release|x64.Build.0 = Release|x64
		{F133D2C2-9B0C-4F00-9743-A4B03085822E}.Release|x86.ActiveCfg = Release|Win32
		{F133D2C2-9B0C-4F00-9743-A4B03085822E}.Release|x86.Build.0 = Release|Win32
		{8C3749D3-9A96-4EE7-BE25-5A49B8EB3B47}.Debug|x64.ActiveCfg = Debug|x64
		{8C3749D3-9A96-4EE7-BE25-5A49B8EB3B47}.Debug|x64.Build.0 = Debug|x64
		{8C3749D3-9A96-4EE7-BE25-5A49B8EB3B47}.Debug|x86.ActiveCfg = Debug|Win32
		{8C3749D3-9A96-4EE7-BE25-5A49B8EB3B47}.Debug|x86.Build.0 = Debug|Win32
		{8C3749D3-9A96-4EE7-BE25-5A49B8EB3B47}.Release|x64.ActiveCfg = Release|x64
		{8C3749D3-9A96-4EE7-BE25-5A49B8EB3B47}.Release|x64.Build.0 = Release|x64
		{8C3749D3-9A96-4EE7-BE25-5A49B8EB3B47}.Release|x86.ActiveCfg = Release|Win32
		{8C3749D3-9A96-4EE7-BE25-5A49B8EB3B47}.Release|x86.Build.0 = Release|Win32
		{11EDA6D6-4086-46B5-8245-436000921F27}.Debug|x64.ActiveCfg = Debug|x64
		{11EDA6D6-4086-46B5-8245-436000921F27}.Debug|x64.Build.0 = Debug|x64
		{11EDA6D6-4086-46B5-8245-436000921F27}.Debug|x86.ActiveCfg = Debug|Win32
		{11EDA6D6-4086-46B5-8245-436000921F27}.Debug|x86.Build.0 = Debug|Win32
		{11EDA6D6-4086-46B5-8245-436000921F27}.Release|x64.ActiveCfg = Release|x64
		{11EDA6D6-4086-46B5-8245-436000921F27}.Release|x64.Build.0 = Release|x64
		{11EDA6D6-4086-46B5-8245-436000921F27}.Release|x86.ActiveCfg = Release|Win32
		{11EDA6D6-4086-46B5-8245-436000921F27}.Release|x86.Build.0 = Release|Win32
		{2801EF6D-36DC-48E7-AAC2-EA3A1AEA7146}.Debug|x64.ActiveCfg = Debug|x64
		{2801EF6D-36DC-48E7-AAC2-EA3A1AEA7146}.Debug|x64.Build.0 = Debug|x64
		{2801EF6D-36DC-48E7-AAC2-EA3A1AEA7146}.Debug|x86.ActiveCfg = Debug|Win32
		{2801EF6D-36DC-48E7-AAC2-EA3A1AEA7146}.Debug|x86.Build.0 = Debug|Win32
		{2801EF6D-36DC-48E7-AAC2-EA3A1AEA7146}.Release|x64.ActiveCfg = Release|x64
		{2801EF6D-36DC-48E7-AAC2-EA3A1AEA7146}.Release|x64.Build.0 = Release|x64
		{2801EF6D-36DC-48E7-AAC2-EA3A1AEA7146}.Release|x86.ActiveCfg = Release|Win32
		{2801EF6D-36DC-48E7-AAC2-EA3A1AEA7146}.Release|x86.Build.0 = Release|Win32
		{E5767281-26E5-402F-B173-5CA966A991FF}.Debug|x64.ActiveCfg = Debug|x64
		{E5767281-26E5-402F-B173-5CA966A991FF}.Debug|x64.Build.0 = Debug|x64
		{E5767281-26E5-402F-B173-5CA966A991FF}.Debug|x86.ActiveCfg = Debug|Win32
		{E5767281-26E5-402F-B173-5CA966A991FF}.Debug|x86.Build.0 = Debug|Win32
		{E5767281-26E5-402F-B173-5CA966A991FF}.Release|x64.ActiveCfg = Release|x64
		{E5767281-26E5-402F-B173-5CA966A991FF}.Release|x64.Build.0 = Release|x64
		{E5767281-26E5-402F-B173-5CA966A991FF}.Release|x86.ActiveCfg = Release|Win32
		{E5767281-26E5-402F-B173-5CA966A991FF}.Release|x86.Build.0 = Release|Win32
		{BA7D2A9F-0053-4179-8014-0DD1B72BEE99}.Debug|x64.ActiveCfg = Debug|x64
		{BA7D2A9F-0053-4179-8014-0DD1B72BEE99}.Debug|x64.Build.0 = Debug|x64
		{BA7D2A9F-0053-4179-8014-0DD1B72BEE99}.Debug|x86.ActiveCfg = Debug|Win32
		{BA7D2A9F-0053-4179-8014-0DD1B72BEE99}.Debug|x86.Build.0 = Debug|Win32
		{BA7D2A9F-0053-4179-8014-0DD1B72BEE99}.Release|x64.ActiveCfg = Release|x64
		{BA7D2A9F-0053-4179-8014-0DD1B72BEE99}.Release|x64.Build.0 = Release|x64
		{BA7D2A9F-0053-4179-8014-0DD1B72BEE99}.Release|x86.ActiveCfg = Release|Win32
		{BA7D2A9F-0053-4179-8014-0DD1B72BEE99}.Release|x86.Build.0 = Release|Win32
		{D1FD39D8-AB87-466B-A640-C4FF73A1A6C8}.Debug|x64.ActiveCfg = Debug|x64
		{D1FD39D8-AB87-466B-A640-C4FF73A1A6C8}.Debug|x64.Build.0 = Debug|x64
		{D1FD39D8-AB87-466B-A640-C4FF73A1A6C8}.Debug|x86.ActiveCfg = Debug|Win32
		{D1FD39D8-AB87-466B-A640-C4FF73A1A6C8}.Debug|x86.Build.0 = Debug|Win32
		{D1FD39D8-AB87-466B-A640-C4FF73A1A6C8}.Release|x64.ActiveCfg = Release|x64
		{D1FD39D8-AB87-466B-A640-C4FF73A1A6C8}.Release|x64.Build.0 = Release|x64
		{D1FD39D8-AB87-466B-A640-C4FF73A1A6C8}.Release|x86.ActiveCfg = Release|Win32
		{D1FD39D8-AB87-466B-A640-C4FF73A1A6C8}.Release|x86.Build.0 = Release|Win32
		{2736FBCE-15C7-4FDB-AE98-74DAA4CAD600}.Debug|x64.ActiveCfg = Debug|x64
		{2736FBCE-15C7-4FDB-AE98-74DAA4CAD600}.Debug|x64.Build.0 = Debug|x64
		{2736FBCE-15C7-4FDB-AE98-74DAA4CAD600}.Debug|x86.ActiveCfg = Debug|Win32
		{2736FBCE-15C7-4FDB-AE98-74DAA4CAD600}.Debug|x86.Build.0 = Debug|Win32
		{2736FBCE-15C7-4FDB-AE98-74DAA4CAD600}.Release|x64.ActiveCfg = Release|x64
		{2736FBCE-15C7-4FDB-AE98-74DAA4CAD600}.Release|x64.Build.0 = Release|x64
		{2736FBCE-15C7-4FDB-AE98-74DAA4CAD600}.Release|x86.ActiveCfg = Release|Win32
		{2736FBCE-15C7-4FDB-AE98-74DAA4CAD600}.Release|x86.Build.0 = Release|Win32
		{88570867-A212-46A9-90E1-7A6ACF77AB5B}.Debug|x64.ActiveCfg = Debug|x64
		{88570867-A212-46A9-90E1-7A6ACF77AB5B}.Debug|x64.Build.0 = Debug|x64
		{88570867-A212-46A9-90E1-7A6ACF77AB5B}.Debug|x86.ActiveCfg = Debug|Win32
		{88570867-A212-46A9-90E1-7A6ACF77AB5B}.Debug|x86.Build.0 = Debug|Win32
		{88570867-A212-46A9-90E1-7A6ACF77AB5B}.Release|x64.ActiveCfg = Release|x64
		{88570867-A212-46A9-90E1-7A6ACF77AB5B}.Release|x64.Build.0 = Release|x64
		{88570867-A212-46A9-90E1-7A6ACF77AB5B}.Release|x86.ActiveCfg = Release|Win32
		{88570867-A212-46A9-90E1-7A6ACF77AB5B}.Release|x86.Build.0 = Release|Win32
	EndGlobalSection
	GlobalSection(SolutionProperties) = preSolution
		HideSolutionNode = FALSE
	EndGlobalSection
	GlobalSection(ExtensibilityGlobals) = postSolution
		SolutionGuid = {1DBF7266-894D-4FD5-9903-6DF461180E50}
	EndGlobalSection
EndGlobal
