
Microsoft Visual Studio Solution File, Format Version 12.00
# Visual Studio Version 17
VisualStudioVersion = 17.13.35825.156
MinimumVisualStudioVersion = 10.0.40219.1
Project("{8BC9CEB8-8B4A-11D0-8D11-00A0C91BC942}") = "01_intro_oop", "01_intro_oop\01_intro_oop.vcxproj", "{8F68564B-A500-4A19-AAD3-9E873DD2C4C3}"
EndProject
Project("{8BC9CEB8-8B4A-11D0-8D11-00A0C91BC942}") = "02_ctor_dtor", "02_ctor_dtor\02_ctor_dtor.vcxproj", "{41D345CF-0643-46DC-9B2E-4FD6228068A2}"
EndProject
Project("{8BC9CEB8-8B4A-11D0-8D11-00A0C91BC942}") = "03_copy ctor", "03_copy ctor\03_copy ctor.vcxproj", "{293B2A9D-C5B5-4DCF-A7F1-151AAD1EA404}"
EndProject
Global
	GlobalSection(SolutionConfigurationPlatforms) = preSolution
		Debug|x64 = Debug|x64
		Debug|x86 = Debug|x86
		Release|x64 = Release|x64
		Release|x86 = Release|x86
	EndGlobalSection
	GlobalSection(ProjectConfigurationPlatforms) = postSolution
		{8F68564B-A500-4A19-AAD3-9E873DD2C4C3}.Debug|x64.ActiveCfg = Debug|x64
		{8F68564B-A500-4A19-AAD3-9E873DD2C4C3}.Debug|x64.Build.0 = Debug|x64
		{8F68564B-A500-4A19-AAD3-9E873DD2C4C3}.Debug|x86.ActiveCfg = Debug|Win32
		{8F68564B-A500-4A19-AAD3-9E873DD2C4C3}.Debug|x86.Build.0 = Debug|Win32
		{8F68564B-A500-4A19-AAD3-9E873DD2C4C3}.Release|x64.ActiveCfg = Release|x64
		{8F68564B-A500-4A19-AAD3-9E873DD2C4C3}.Release|x64.Build.0 = Release|x64
		{8F68564B-A500-4A19-AAD3-9E873DD2C4C3}.Release|x86.ActiveCfg = Release|Win32
		{8F68564B-A500-4A19-AAD3-9E873DD2C4C3}.Release|x86.Build.0 = Release|Win32
		{41D345CF-0643-46DC-9B2E-4FD6228068A2}.Debug|x64.ActiveCfg = Debug|x64
		{41D345CF-0643-46DC-9B2E-4FD6228068A2}.Debug|x64.Build.0 = Debug|x64
		{41D345CF-0643-46DC-9B2E-4FD6228068A2}.Debug|x86.ActiveCfg = Debug|Win32
		{41D345CF-0643-46DC-9B2E-4FD6228068A2}.Debug|x86.Build.0 = Debug|Win32
		{41D345CF-0643-46DC-9B2E-4FD6228068A2}.Release|x64.ActiveCfg = Release|x64
		{41D345CF-0643-46DC-9B2E-4FD6228068A2}.Release|x64.Build.0 = Release|x64
		{41D345CF-0643-46DC-9B2E-4FD6228068A2}.Release|x86.ActiveCfg = Release|Win32
		{41D345CF-0643-46DC-9B2E-4FD6228068A2}.Release|x86.Build.0 = Release|Win32
		{293B2A9D-C5B5-4DCF-A7F1-151AAD1EA404}.Debug|x64.ActiveCfg = Debug|x64
		{293B2A9D-C5B5-4DCF-A7F1-151AAD1EA404}.Debug|x64.Build.0 = Debug|x64
		{293B2A9D-C5B5-4DCF-A7F1-151AAD1EA404}.Debug|x86.ActiveCfg = Debug|Win32
		{293B2A9D-C5B5-4DCF-A7F1-151AAD1EA404}.Debug|x86.Build.0 = Debug|Win32
		{293B2A9D-C5B5-4DCF-A7F1-151AAD1EA404}.Release|x64.ActiveCfg = Release|x64
		{293B2A9D-C5B5-4DCF-A7F1-151AAD1EA404}.Release|x64.Build.0 = Release|x64
		{293B2A9D-C5B5-4DCF-A7F1-151AAD1EA404}.Release|x86.ActiveCfg = Release|Win32
		{293B2A9D-C5B5-4DCF-A7F1-151AAD1EA404}.Release|x86.Build.0 = Release|Win32
	EndGlobalSection
	GlobalSection(SolutionProperties) = preSolution
		HideSolutionNode = FALSE
	EndGlobalSection
	GlobalSection(ExtensibilityGlobals) = postSolution
		SolutionGuid = {1DBF7266-894D-4FD5-9903-6DF461180E50}
	EndGlobalSection
EndGlobal
